
Microsoft Visual Studio Solution File, Format Version 12.00
# Visual Studio Version 16
VisualStudioVersion = 16.0.31005.135
MinimumVisualStudioVersion = 10.0.40219.1
Project("{9A19103F-16F7-4668-BE54-9A1E7A4F7556}") = "Test Server", "Test Server\Test Server.csproj", "{F3EEF47F-3D70-46CD-9D31-A396B84546DE}"
EndProject
Global
	GlobalSection(SolutionConfigurationPlatforms) = preSolution
		Debug|Any CPU = Debug|Any CPU
		Debug|x64 = Debug|x64
		Release|Any CPU = Release|Any CPU
		Release|x64 = Release|x64
	EndGlobalSection
	GlobalSection(ProjectConfigurationPlatforms) = postSolution
		{F3EEF47F-3D70-46CD-9D31-A396B84546DE}.Debug|Any CPU.ActiveCfg = Debug|Any CPU
		{F3EEF47F-3D70-46CD-9D31-A396B84546DE}.Debug|Any CPU.Build.0 = Debug|Any CPU
		{F3EEF47F-3D70-46CD-9D31-A396B84546DE}.Debug|x64.ActiveCfg = Debug|x64
		{F3EEF47F-3D70-46CD-9D31-A396B84546DE}.Debug|x64.Build.0 = Debug|x64
		{F3EEF47F-3D70-46CD-9D31-A396B84546DE}.Release|Any CPU.ActiveCfg = Release|Any CPU
		{F3EEF47F-3D70-46CD-9D31-A396B84546DE}.Release|Any CPU.Build.0 = Release|Any CPU
		{F3EEF47F-3D70-46CD-9D31-A396B84546DE}.Release|x64.ActiveCfg = Release|x64
		{F3EEF47F-3D70-46CD-9D31-A396B84546DE}.Release|x64.Build.0 = Release|x64
	EndGlobalSection
	GlobalSection(SolutionProperties) = preSolution
		HideSolutionNode = FALSE
	EndGlobalSection
	GlobalSection(ExtensibilityGlobals) = postSolution
		SolutionGuid = {CE44261D-8AAB-45A8-857B-ED573ECAFC49}
	EndGlobalSection
EndGlobal
